<Solution>
  <Project Path="GolBet.Datos/GolBet.Datos.csproj" />
  <Project Path="GolBet.Entidades/GolBet.Entidades.csproj" />
  <Project Path="GolBet.Interfaces/GolBet.Interfaces.csproj" />
  <Project Path="GolBet.Negocio/GolBet.Negocio.csproj" />
  <Project Path="GolBet.Presentacion/GolBet.Presentacion.csproj" />
</Solution>
